// !$*UTF8*$!
{
	archiveVersion = 1;
	classes = {
	};
	objectVersion = 77;
	objects = {

/* Begin PBXContainerItemProxy section */
		10DB6DB12F3CBA2E00AE20E7 /* PBXContainerItemProxy */ = {
			isa = PBXContainerItemProxy;
			containerPortal = 10DB6D912F3CBA2C00AE20E7 /* Project object */;
			proxyType = 1;
			remoteGlobalIDString = 10DB6D982F3CBA2C00AE20E7;
			remoteInfo = iosDemo;
		};
		10DB6DBB2F3CBA2E00AE20E7 /* PBXContainerItemProxy */ = {
			isa = PBXContainerItemProxy;
			containerPortal = 10DB6D912F3CBA2C00AE20E7 /* Project object */;
			proxyType = 1;
			remoteGlobalIDString = 10DB6D982F3CBA2C00AE20E7;
			remoteInfo = iosDemo;
		};
/* End PBXContainerItemProxy section */

/* Begin PBXFileReference section */
		10DB6D992F3CBA2C00AE20E7 /* iosDemo.app */ = {isa = PBXFileReference; explicitFileType = wrapper.application; includeInIndex = 0; path = iosDemo.app; sourceTree = BUILT_PRODUCTS_DIR; };
		10DB6DB02F3CBA2E00AE20E7 /* iosDemoTests.xctest */ = {isa = PBXFileReference; explicitFileType = wrapper.cfbundle; includeInIndex = 0; path = iosDemoTests.xctest; sourceTree = BUILT_PRODUCTS_DIR; };
		10DB6DBA2F3CBA2E00AE20E7 /* iosDemoUITests.xctest */ = {isa = PBXFileReference; explicitFileType = wrapper.cfbundle; includeInIndex = 0; path = iosDemoUITests.xctest; sourceTree = BUILT_PRODUCTS_DIR; };
/* End PBXFileReference section */

/* Begin PBXFileSystemSynchronizedBuildFileExceptionSet section */
		10DB6DC22F3CBA2E00AE20E7 /* Exceptions for "iosDemo" folder in "iosDemo" target */ = {
			isa = PBXFileSystemSynchronizedBuildFileExceptionSet;
			membershipExceptions = (
				Info.plist,
			);
			target = 10DB6D982F3CBA2C00AE20E7 /* iosDemo */;
		};
/* End PBXFileSystemSynchronizedBuildFileExceptionSet section */

/* Begin PBXFileSystemSynchronizedRootGroup section */
		10DB6D9B2F3CBA2C00AE20E7 /* iosDemo */ = {
			isa = PBXFileSystemSynchronizedRootGroup;
			exceptions = (
				10DB6DC22F3CBA2E00AE20E7 /* Exceptions for "iosDemo" folder in "iosDemo" target */,
			);
			path = iosDemo;
			sourceTree = "<group>";
		};
		10DB6DB32F3CBA2E00AE20E7 /* iosDemoTests */ = {
			isa = PBXFileSystemSynchronizedRootGroup;
			path = iosDemoTests;
			sourceTree = "<group>";
		};
		10DB6DBD2F3CBA2E00AE20E7 /* iosDemoUITests */ = {
			isa = PBXFileSystemSynchronizedRootGroup;
			path = iosDemoUITests;
			sourceTree = "<group>";
		};
/* End PBXFileSystemSynchronizedRootGroup section */

/* Begin PBXFrameworksBuildPhase section */
		10DB6D962F3CBA2C00AE20E7 /* Frameworks */ = {
			isa = PBXFrameworksBuildPhase;
			buildActionMask = 2147483647;
			files = (
			);
			runOnlyForDeploymentPostprocessing = 0;
		};
		10DB6DAD2F3CBA2E00AE20E7 /* Frameworks */ = {
			isa = PBXFrameworksBuildPhase;
			buildActionMask = 2147483647;
			files = (
			);
			runOnlyForDeploymentPostprocessing = 0;
		};
		10DB6DB72F3CBA2E00AE20E7 /* Frameworks */ = {
			isa = PBXFrameworksBuildPhase;
			buildActionMask = 2147483647;
			files = (
			);
			runOnlyForDeploymentPostprocessing = 0;
		};
/* End PBXFrameworksBuildPhase section */

/* Begin PBXGroup section */
		10DB6D902F3CBA2C00AE20E7 = {
			isa = PBXGroup;
			children = (
				10DB6D9B2F3CBA2C00AE20E7 /* iosDemo */,
				10DB6DB32F3CBA2E00AE20E7 /* iosDemoTests */,
				10DB6DBD2F3CBA2E00AE20E7 /* iosDemoUITests */,
				10DB6D9A2F3CBA2C00AE20E7 /* Products */,
			);
			sourceTree = "<group>";
		};
		10DB6D9A2F3CBA2C00AE20E7 /* Products */ = {
			isa = PBXGroup;
			children = (
				10DB6D992F3CBA2C00AE20E7 /* iosDemo.app */,
				10DB6DB02F3CBA2E00AE20E7 /* iosDemoTests.xctest */,
				10DB6DBA2F3CBA2E00AE20E7 /* iosDemoUITests.xctest */,
			);
			name = Products;
			sourceTree = "<group>";
		};
/* End PBXGroup section */

/* Begin PBXNativeTarget section */
		10DB6D982F3CBA2C00AE20E7 /* iosDemo */ = {
			isa = PBXNativeTarget;
			buildConfigurationList = 10DB6DC32F3CBA2E00AE20E7 /* Build configuration list for PBXNativeTarget "iosDemo" */;
			buildPhases = (
				10DB6D952F3CBA2C00AE20E7 /* Sources */,
				10DB6D962F3CBA2C00AE20E7 /* Frameworks */,
				10DB6D972F3CBA2C00AE20E7 /* Resources */,
			);
			buildRules = (
			);
			dependencies = (
			);
			fileSystemSynchronizedGroups = (
				10DB6D9B2F3CBA2C00AE20E7 /* iosDemo */,
			);
			name = iosDemo;
			packageProductDependencies = (
			);
			productName = iosDemo;
			productReference = 10DB6D992F3CBA2C00AE20E7 /* iosDemo.app */;
			productType = "com.apple.product-type.application";
		};
		10DB6DAF2F3CBA2E00AE20E7 /* iosDemoTests */ = {
			isa = PBXNativeTarget;
			buildConfigurationList = 10DB6DC82F3CBA2E00AE20E7 /* Build configuration list for PBXNativeTarget "iosDemoTests" */;
			buildPhases = (
				10DB6DAC2F3CBA2E00AE20E7 /* Sources */,
				10DB6DAD2F3CBA2E00AE20E7 /* Frameworks */,
				10DB6DAE2F3CBA2E00AE20E7 /* Resources */,
			);
			buildRules = (
			);
			dependencies = (
				10DB6DB22F3CBA2E00AE20E7 /* PBXTargetDependency */,
			);
			fileSystemSynchronizedGroups = (
				10DB6DB32F3CBA2E00AE20E7 /* iosDemoTests */,
			);
			name = iosDemoTests;
			packageProductDependencies = (
			);
			productName = iosDemoTests;
			productReference = 10DB6DB02F3CBA2E00AE20E7 /* iosDemoTests.xctest */;
			productType = "com.apple.product-type.bundle.unit-test";
		};
		10DB6DB92F3CBA2E00AE20E7 /* iosDemoUITests */ = {
			isa = PBXNativeTarget;
			buildConfigurationList = 10DB6DCB2F3CBA2E00AE20E7 /* Build configuration list for PBXNativeTarget "iosDemoUITests" */;
			buildPhases = (
				10DB6DB62F3CBA2E00AE20E7 /* Sources */,
				10DB6DB72F3CBA2E00AE20E7 /* Frameworks */,
				10DB6DB82F3CBA2E00AE20E7 /* Resources */,
			);
			buildRules = (
			);
			dependencies = (
				10DB6DBC2F3CBA2E00AE20E7 /* PBXTargetDependency */,
			);
			fileSystemSynchronizedGroups = (
				10DB6DBD2F3CBA2E00AE20E7 /* iosDemoUITests */,
			);
			name = iosDemoUITests;
			packageProductDependencies = (
			);
			productName = iosDemoUITests;
			productReference = 10DB6DBA2F3CBA2E00AE20E7 /* iosDemoUITests.xctest */;
			productType = "com.apple.product-type.bundle.ui-testing";
		};
/* End PBXNativeTarget section */

/* Begin PBXProject section */
		10DB6D912F3CBA2C00AE20E7 /* Project object */ = {
			isa = PBXProject;
			attributes = {
				BuildIndependentTargetsInParallel = 1;
				LastSwiftUpdateCheck = 1620;
				LastUpgradeCheck = 1620;
				TargetAttributes = {
					10DB6D982F3CBA2C00AE20E7 = {
						CreatedOnToolsVersion = 16.2;
					};
					10DB6DAF2F3CBA2E00AE20E7 = {
						CreatedOnToolsVersion = 16.2;
						TestTargetID = 10DB6D982F3CBA2C00AE20E7;
					};
					10DB6DB92F3CBA2E00AE20E7 = {
						CreatedOnToolsVersion = 16.2;
						TestTargetID = 10DB6D982F3CBA2C00AE20E7;
					};
				};
			};
			buildConfigurationList = 10DB6D942F3CBA2C00AE20E7 /* Build configuration list for PBXProject "iosDemo" */;
			developmentRegion = en;
			hasScannedForEncodings = 0;
			knownRegions = (
				en,
				Base,
			);
			mainGroup = 10DB6D902F3CBA2C00AE20E7;
			minimizedProjectReferenceProxies = 1;
			preferredProjectObjectVersion = 77;
			productRefGroup = 10DB6D9A2F3CBA2C00AE20E7 /* Products */;
			projectDirPath = "";
			projectRoot = "";
			targets = (
				10DB6D982F3CBA2C00AE20E7 /* iosDemo */,
				10DB6DAF2F3CBA2E00AE20E7 /* iosDemoTests */,
				10DB6DB92F3CBA2E00AE20E7 /* iosDemoUITests */,
			);
		};
/* End PBXProject section */

/* Begin PBXResourcesBuildPhase section */
		10DB6D972F3CBA2C00AE20E7 /* Resources */ = {
			isa = PBXResourcesBuildPhase;
			buildActionMask = 2147483647;
			files = (
			);
			runOnlyForDeploymentPostprocessing = 0;
		};
		10DB6DAE2F3CBA2E00AE20E7 /* Resources */ = {
			isa = PBXResourcesBuildPhase;
			buildActionMask = 2147483647;
			files = (
			);
			runOnlyForDeploymentPostprocessing = 0;
		};
		10DB6DB82F3CBA2E00AE20E7 /* Resources */ = {
			isa = PBXResourcesBuildPhase;
			buildActionMask = 2147483647;
			files = (
			);
			runOnlyForDeploymentPostprocessing = 0;
		};
/* End PBXResourcesBuildPhase section */

/* Begin PBXSourcesBuildPhase section */
		10DB6D952F3CBA2C00AE20E7 /* Sources */ = {
			isa = PBXSourcesBuildPhase;
			buildActionMask = 2147483647;
			files = (
			);
			runOnlyForDeploymentPostprocessing = 0;
		};
		10DB6DAC2F3CBA2E00AE20E7 /* Sources */ = {
			isa = PBXSourcesBuildPhase;
			buildActionMask = 2147483647;
			files = (
			);
			runOnlyForDeploymentPostprocessing = 0;
		};
		10DB6DB62F3CBA2E00AE20E7 /* Sources */ = {
			isa = PBXSourcesBuildPhase;
			buildActionMask = 2147483647;
			files = (
			);
			runOnlyForDeploymentPostprocessing = 0;
		};
/* End PBXSourcesBuildPhase section */

/* Begin PBXTargetDependency section */
		10DB6DB22F3CBA2E00AE20E7 /* PBXTargetDependency */ = {
			isa = PBXTargetDependency;
			target = 10DB6D982F3CBA2C00AE20E7 /* iosDemo */;
			targetProxy = 10DB6DB12F3CBA2E00AE20E7 /* PBXContainerItemProxy */;
		};
		10DB6DBC2F3CBA2E00AE20E7 /* PBXTargetDependency */ = {
			isa = PBXTargetDependency;
			target = 10DB6D982F3CBA2C00AE20E7 /* iosDemo */;
			targetProxy = 10DB6DBB2F3CBA2E00AE20E7 /* PBXContainerItemProxy */;
		};
/* End PBXTargetDependency section */

/* Begin XCBuildConfiguration section */
		10DB6DC42F3CBA2E00AE20E7 /* Debug */ = {
			isa = XCBuildConfiguration;
			buildSettings = {
				ASSETCATALOG_COMPILER_APPICON_NAME = AppIcon;
				ASSETCATALOG_COMPILER_GLOBAL_ACCENT_COLOR_NAME = AccentColor;
				CODE_SIGN_ENTITLEMENTS = iosDemo/iosDemo.entitlements;
				CODE_SIGN_STYLE = Automatic;
				CURRENT_PROJECT_VERSION = 1;
				DEVELOPMENT_ASSET_PATHS = "\"iosDemo/Preview Content\"";
				ENABLE_PREVIEWS = YES;
				GENERATE_INFOPLIST_FILE = YES;
				INFOPLIST_FILE = iosDemo/Info.plist;
				INFOPLIST_KEY_UIApplicationSceneManifest_Generation = YES;
				INFOPLIST_KEY_UIApplicationSupportsIndirectInputEvents = YES;
				INFOPLIST_KEY_UILaunchScreen_Generation = YES;
				INFOPLIST_KEY_UISupportedInterfaceOrientations_iPad = "UIInterfaceOrientationPortrait UIInterfaceOrientationPortraitUpsideDown UIInterfaceOrientationLandscapeLeft UIInterfaceOrientationLandscapeRight";
				INFOPLIST_KEY_UISupportedInterfaceOrientations_iPhone = "UIInterfaceOrientationPortrait UIInterfaceOrientationLandscapeLeft UIInterfaceOrientationLandscapeRight";
				LD_RUNPATH_SEARCH_PATHS = (
					"$(inherited)",
					"@executable_path/Frameworks",
				);
				MARKETING_VERSION = 1.0;
				PRODUCT_BUNDLE_IDENTIFIER = ddfree.ms.iosDemo;
				PRODUCT_NAME = "$(TARGET_NAME)";
				SWIFT_EMIT_LOC_STRINGS = YES;
				SWIFT_VERSION = 5.0;
				TARGETED_DEVICE_FAMILY = "1,2";
			};
			name = Debug;
		};
		10DB6DC52F3CBA2E00AE20E7 /* Release */ = {
			isa = XCBuildConfiguration;
			buildSettings = {
				ASSETCATALOG_COMPILER_APPICON_NAME = AppIcon;
				ASSETCATALOG_COMPILER_GLOBAL_ACCENT_COLOR_NAME = AccentColor;
				CODE_SIGN_ENTITLEMENTS = iosDemo/iosDemo.entitlements;
				CODE_SIGN_STYLE = Automatic;
				CURRENT_PROJECT_VERSION = 1;
				DEVELOPMENT_ASSET_PATHS = "\"iosDemo/Preview Content\"";
				ENABLE_PREVIEWS = YES;
				GENERATE_INFOPLIST_FILE = YES;
				INFOPLIST_FILE = iosDemo/Info.plist;
				INFOPLIST_KEY_UIApplicationSceneManifest_Generation = YES;
				INFOPLIST_KEY_UIApplicationSupportsIndirectInputEvents = YES;
				INFOPLIST_KEY_UILaunchScreen_Generation = YES;
				INFOPLIST_KEY_UISupportedInterfaceOrientations_iPad = "UIInterfaceOrientationPortrait UIInterfaceOrientationPortraitUpsideDown UIInterfaceOrientationLandscapeLeft UIInterfaceOrientationLandscapeRight";
				INFOPLIST_KEY_UISupportedInterfaceOrientations_iPhone = "UIInterfaceOrientationPortrait UIInterfaceOrientationLandscapeLeft UIInterfaceOrientationLandscapeRight";
				LD_RUNPATH_SEARCH_PATHS = (
					"$(inherited)",
					"@executable_path/Frameworks",
				);
				MARKETING_VERSION = 1.0;
				PRODUCT_BUNDLE_IDENTIFIER = ddfree.ms.iosDemo;
				PRODUCT_NAME = "$(TARGET_NAME)";
				SWIFT_EMIT_LOC_STRINGS = YES;
				SWIFT_VERSION = 5.0;
				TARGETED_DEVICE_FAMILY = "1,2";
			};
			name = Release;
		};
		10DB6DC62F3CBA2E00AE20E7 /* Debug */ = {
			isa = XCBuildConfiguration;
			buildSettings = {
				ALWAYS_SEARCH_USER_PATHS = NO;
				ASSETCATALOG_COMPILER_GENERATE_SWIFT_ASSET_SYMBOL_EXTENSIONS = YES;
				CLANG_ANALYZER_NONNULL = YES;
				CLANG_ANALYZER_NUMBER_OBJECT_CONVERSION = YES_AGGRESSIVE;
				CLANG_CXX_LANGUAGE_STANDARD = "gnu++20";
				CLANG_ENABLE_MODULES = YES;
				CLANG_ENABLE_OBJC_ARC = YES;
				CLANG_ENABLE_OBJC_WEAK = YES;
				CLANG_WARN_BLOCK_CAPTURE_AUTORELEASING = YES;
				CLANG_WARN_BOOL_CONVERSION = YES;
				CLANG_WARN_COMMA = YES;
				CLANG_WARN_CONSTANT_CONVERSION = YES;
				CLANG_WARN_DEPRECATED_OBJC_IMPLEMENTATIONS = YES;
				CLANG_WARN_DIRECT_OBJC_ISA_USAGE = YES_ERROR;
				CLANG_WARN_DOCUMENTATION_COMMENTS = YES;
				CLANG_WARN_EMPTY_BODY = YES;
				CLANG_WARN_ENUM_CONVERSION = YES;
				CLANG_WARN_INFINITE_RECURSION = YES;
				CLANG_WARN_INT_CONVERSION = YES;
				CLANG_WARN_NON_LITERAL_NULL_CONVERSION = YES;
				CLANG_WARN_OBJC_IMPLICIT_RETAIN_SELF = YES;
				CLANG_WARN_OBJC_LITERAL_CONVERSION = YES;
				CLANG_WARN_OBJC_ROOT_CLASS = YES_ERROR;
				CLANG_WARN_QUOTED_INCLUDE_IN_FRAMEWORK_HEADER = YES;
				CLANG_WARN_RANGE_LOOP_ANALYSIS = YES;
				CLANG_WARN_STRICT_PROTOTYPES = YES;
				CLANG_WARN_SUSPICIOUS_MOVE = YES;
				CLANG_WARN_UNGUARDED_AVAILABILITY = YES_AGGRESSIVE;
				CLANG_WARN_UNREACHABLE_CODE = YES;
				CLANG_WARN__DUPLICATE_METHOD_MATCH = YES;
				COPY_PHASE_STRIP = NO;
				DEBUG_INFORMATION_FORMAT = dwarf;
				ENABLE_STRICT_OBJC_MSGSEND = YES;
				ENABLE_TESTABILITY = YES;
				ENABLE_USER_SCRIPT_SANDBOXING = YES;
				GCC_C_LANGUAGE_STANDARD = gnu17;
				GCC_DYNAMIC_NO_PIC = NO;
				GCC_NO_COMMON_BLOCKS = YES;
				GCC_OPTIMIZATION_LEVEL = 0;
				GCC_PREPROCESSOR_DEFINITIONS = (
					"DEBUG=1",
					"$(inherited)",
				);
				GCC_WARN_64_TO_32_BIT_CONVERSION = YES;
				GCC_WARN_ABOUT_RETURN_TYPE = YES_ERROR;
				GCC_WARN_UNDECLARED_SELECTOR = YES;
				GCC_WARN_UNINITIALIZED_AUTOS = YES_AGGRESSIVE;
				GCC_WARN_UNUSED_FUNCTION = YES;
				GCC_WARN_UNUSED_VARIABLE = YES;
				IPHONEOS_DEPLOYMENT_TARGET = 18.2;
				LOCALIZATION_PREFERS_STRING_CATALOGS = YES;
				MTL_ENABLE_DEBUG_INFO = INCLUDE_SOURCE;
				MTL_FAST_MATH = YES;
				ONLY_ACTIVE_ARCH = YES;
				SDKROOT = iphoneos;
				SWIFT_ACTIVE_COMPILATION_CONDITIONS = "DEBUG $(inherited)";
				SWIFT_OPTIMIZATION_LEVEL = "-Onone";
			};
			name = Debug;
		};
		10DB6DC72F3CBA2E00AE20E7 /* Release */ = {
			isa = XCBuildConfiguration;
			buildSettings = {
				ALWAYS_SEARCH_USER_PATHS = NO;
				ASSETCATALOG_COMPILER_GENERATE_SWIFT_ASSET_SYMBOL_EXTENSIONS = YES;
				CLANG_ANALYZER_NONNULL = YES;
				CLANG_ANALYZER_NUMBER_OBJECT_CONVERSION = YES_AGGRESSIVE;
				CLANG_CXX_LANGUAGE_STANDARD = "gnu++20";
				CLANG_ENABLE_MODULES = YES;
				CLANG_ENABLE_OBJC_ARC = YES;
				CLANG_ENABLE_OBJC_WEAK = YES;
				CLANG_WARN_BLOCK_CAPTURE_AUTORELEASING = YES;
				CLANG_WARN_BOOL_CONVERSION = YES;
				CLANG_WARN_COMMA = YES;
				CLANG_WARN_CONSTANT_CONVERSION = YES;
				CLANG_WARN_DEPRECATED_OBJC_IMPLEMENTATIONS = YES;
				CLANG_WARN_DIRECT_OBJC_ISA_USAGE = YES_ERROR;
				CLANG_WARN_DOCUMENTATION_COMMENTS = YES;
				CLANG_WARN_EMPTY_BODY = YES;
				CLANG_WARN_ENUM_CONVERSION = YES;
				CLANG_WARN_INFINITE_RECURSION = YES;
				CLANG_WARN_INT_CONVERSION = YES;
				CLANG_WARN_NON_LITERAL_NULL_CONVERSION = YES;
				CLANG_WARN_OBJC_IMPLICIT_RETAIN_SELF = YES;
				CLANG_WARN_OBJC_LITERAL_CONVERSION = YES;
				CLANG_WARN_OBJC_ROOT_CLASS = YES_ERROR;
				CLANG_WARN_QUOTED_INCLUDE_IN_FRAMEWORK_HEADER = YES;
				CLANG_WARN_RANGE_LOOP_ANALYSIS = YES;
				CLANG_WARN_STRICT_PROTOTYPES = YES;
				CLANG_WARN_SUSPICIOUS_MOVE = YES;
				CLANG_WARN_UNGUARDED_AVAILABILITY = YES_AGGRESSIVE;
				CLANG_WARN_UNREACHABLE_CODE = YES;
				CLANG_WARN__DUPLICATE_METHOD_MATCH = YES;
				COPY_PHASE_STRIP = NO;
				DEBUG_INFORMATION_FORMAT = "dwarf-with-dsym";
				ENABLE_NS_ASSERTIONS = NO;
				ENABLE_STRICT_OBJC_MSGSEND = YES;
				ENABLE_USER_SCRIPT_SANDBOXING = YES;
				GCC_C_LANGUAGE_STANDARD = gnu17;
				GCC_NO_COMMON_BLOCKS = YES;
				GCC_WARN_64_TO_32_BIT_CONVERSION = YES;
				GCC_WARN_ABOUT_RETURN_TYPE = YES_ERROR;
				GCC_WARN_UNDECLARED_SELECTOR = YES;
				GCC_WARN_UNINITIALIZED_AUTOS = YES_AGGRESSIVE;
				GCC_WARN_UNUSED_FUNCTION = YES;
				GCC_WARN_UNUSED_VARIABLE = YES;
				IPHONEOS_DEPLOYMENT_TARGET = 18.2;
				LOCALIZATION_PREFERS_STRING_CATALOGS = YES;
				MTL_ENABLE_DEBUG_INFO = NO;
				MTL_FAST_MATH = YES;
				SDKROOT = iphoneos;
				SWIFT_COMPILATION_MODE = wholemodule;
				VALIDATE_PRODUCT = YES;
			};
			name = Release;
		};
		10DB6DC92F3CBA2E00AE20E7 /* Debug */ = {
			isa = XCBuildConfiguration;
			buildSettings = {
				BUNDLE_LOADER = "$(TEST_HOST)";
				CODE_SIGN_STYLE = Automatic;
				CURRENT_PROJECT_VERSION = 1;
				GENERATE_INFOPLIST_FILE = YES;
				IPHONEOS_DEPLOYMENT_TARGET = 18.2;
				MARKETING_VERSION = 1.0;
				PRODUCT_BUNDLE_IDENTIFIER = ddfree.ms.iosDemoTests;
				PRODUCT_NAME = "$(TARGET_NAME)";
				SWIFT_EMIT_LOC_STRINGS = NO;
				SWIFT_VERSION = 5.0;
				TARGETED_DEVICE_FAMILY = "1,2";
				TEST_HOST = "$(BUILT_PRODUCTS_DIR)/iosDemo.app/$(BUNDLE_EXECUTABLE_FOLDER_PATH)/iosDemo";
			};
			name = Debug;
		};
		10DB6DCA2F3CBA2E00AE20E7 /* Release */ = {
			isa = XCBuildConfiguration;
			buildSettings = {
				BUNDLE_LOADER = "$(TEST_HOST)";
				CODE_SIGN_STYLE = Automatic;
				CURRENT_PROJECT_VERSION = 1;
				GENERATE_INFOPLIST_FILE = YES;
				IPHONEOS_DEPLOYMENT_TARGET = 18.2;
				MARKETING_VERSION = 1.0;
				PRODUCT_BUNDLE_IDENTIFIER = ddfree.ms.iosDemoTests;
				PRODUCT_NAME = "$(TARGET_NAME)";
				SWIFT_EMIT_LOC_STRINGS = NO;
				SWIFT_VERSION = 5.0;
				TARGETED_DEVICE_FAMILY = "1,2";
				TEST_HOST = "$(BUILT_PRODUCTS_DIR)/iosDemo.app/$(BUNDLE_EXECUTABLE_FOLDER_PATH)/iosDemo";
			};
			name = Release;
		};
		10DB6DCC2F3CBA2E00AE20E7 /* Debug */ = {
			isa = XCBuildConfiguration;
			buildSettings = {
				CODE_SIGN_STYLE = Automatic;
				CURRENT_PROJECT_VERSION = 1;
				GENERATE_INFOPLIST_FILE = YES;
				MARKETING_VERSION = 1.0;
				PRODUCT_BUNDLE_IDENTIFIER = ddfree.ms.iosDemoUITests;
				PRODUCT_NAME = "$(TARGET_NAME)";
				SWIFT_EMIT_LOC_STRINGS = NO;
				SWIFT_VERSION = 5.0;
				TARGETED_DEVICE_FAMILY = "1,2";
				TEST_TARGET_NAME = iosDemo;
			};
			name = Debug;
		};
		10DB6DCD2F3CBA2E00AE20E7 /* Release */ = {
			isa = XCBuildConfiguration;
			buildSettings = {
				CODE_SIGN_STYLE = Automatic;
				CURRENT_PROJECT_VERSION = 1;
				GENERATE_INFOPLIST_FILE = YES;
				MARKETING_VERSION = 1.0;
				PRODUCT_BUNDLE_IDENTIFIER = ddfree.ms.iosDemoUITests;
				PRODUCT_NAME = "$(TARGET_NAME)";
				SWIFT_EMIT_LOC_STRINGS = NO;
				SWIFT_VERSION = 5.0;
				TARGETED_DEVICE_FAMILY = "1,2";
				TEST_TARGET_NAME = iosDemo;
			};
			name = Release;
		};
/* End XCBuildConfiguration section */

/* Begin XCConfigurationList section */
		10DB6D942F3CBA2C00AE20E7 /* Build configuration list for PBXProject "iosDemo" */ = {
			isa = XCConfigurationList;
			buildConfigurations = (
				10DB6DC62F3CBA2E00AE20E7 /* Debug */,
				10DB6DC72F3CBA2E00AE20E7 /* Release */,
			);
			defaultConfigurationIsVisible = 0;
			defaultConfigurationName = Release;
		};
		10DB6DC32F3CBA2E00AE20E7 /* Build configuration list for PBXNativeTarget "iosDemo" */ = {
			isa = XCConfigurationList;
			buildConfigurations = (
				10DB6DC42F3CBA2E00AE20E7 /* Debug */,
				10DB6DC52F3CBA2E00AE20E7 /* Release */,
			);
			defaultConfigurationIsVisible = 0;
			defaultConfigurationName = Release;
		};
		10DB6DC82F3CBA2E00AE20E7 /* Build configuration list for PBXNativeTarget "iosDemoTests" */ = {
			isa = XCConfigurationList;
			buildConfigurations = (
				10DB6DC92F3CBA2E00AE20E7 /* Debug */,
				10DB6DCA2F3CBA2E00AE20E7 /* Release */,
			);
			defaultConfigurationIsVisible = 0;
			defaultConfigurationName = Release;
		};
		10DB6DCB2F3CBA2E00AE20E7 /* Build configuration list for PBXNativeTarget "iosDemoUITests" */ = {
			isa = XCConfigurationList;
			buildConfigurations = (
				10DB6DCC2F3CBA2E00AE20E7 /* Debug */,
				10DB6DCD2F3CBA2E00AE20E7 /* Release */,
			);
			defaultConfigurationIsVisible = 0;
			defaultConfigurationName = Release;
		};
/* End XCConfigurationList section */
	};
	rootObject = 10DB6D912F3CBA2C00AE20E7 /* Project object */;
}
